
Microsoft Visual Studio Solution File, Format Version 10.00
# Visual C# Express 2008
Project("{FAE04EC0-301F-11D3-BF4B-00C04F79EFBC}") = "16-RhinoMocksWithSyntax", "16-RhinoMocksWithSyntax\16-RhinoMocksWithSyntax.csproj", "{6DA0A5FD-71DB-4422-B9EC-3F02DBA5FFA4}"
EndProject
Global
	GlobalSection(SolutionConfigurationPlatforms) = preSolution
		Debug|Any CPU = Debug|Any CPU
		Release|Any CPU = Release|Any CPU
	EndGlobalSection
	GlobalSection(ProjectConfigurationPlatforms) = postSolution
		{6DA0A5FD-71DB-4422-B9EC-3F02DBA5FFA4}.Debug|Any CPU.ActiveCfg = Debug|Any CPU
		{6DA0A5FD-71DB-4422-B9EC-3F02DBA5FFA4}.Debug|Any CPU.Build.0 = Debug|Any CPU
		{6DA0A5FD-71DB-4422-B9EC-3F02DBA5FFA4}.Release|Any CPU.ActiveCfg = Release|Any CPU
		{6DA0A5FD-71DB-4422-B9EC-3F02DBA5FFA4}.Release|Any CPU.Build.0 = Release|Any CPU
	EndGlobalSection
	GlobalSection(SolutionProperties) = preSolution
		HideSolutionNode = FALSE
	EndGlobalSection
EndGlobal
