Microsoft Visual Studio Solution File, Format Version 9.00
# Visual Studio 2005
Project("{FAE04EC0-301F-11D3-BF4B-00C04F79EFBC}") = "Rhino.Mocks.Tests 2.0", "Rhino.Mocks.Tests\Rhino.Mocks.Tests 2.0.csproj", "{C63839EC-BEF3-4DCD-BE23-B6DA21E8BE20}"
	ProjectSection(WebsiteProperties) = preProject
		Debug.AspNetCompiler.Debug = "True"
		Release.AspNetCompiler.Debug = "False"
	EndProjectSection
EndProject
Project("{FAE04EC0-301F-11D3-BF4B-00C04F79EFBC}") = "Rhino.Mocks 2.0", "Rhino.Mocks\Rhino.Mocks 2.0.csproj", "{1E8FECC7-9E9B-4275-A938-D956F5E5D4F8}"
	ProjectSection(WebsiteProperties) = preProject
		Debug.AspNetCompiler.Debug = "True"
		Release.AspNetCompiler.Debug = "False"
	EndProjectSection
EndProject
Global
	GlobalSection(SolutionConfigurationPlatforms) = preSolution
		Debug|Any CPU = Debug|Any CPU
		Debug|Mixed Platforms = Debug|Mixed Platforms
		Debug|Win32 = Debug|Win32
		Release|Any CPU = Release|Any CPU
		Release|Mixed Platforms = Release|Mixed Platforms
		Release|Win32 = Release|Win32
	EndGlobalSection
	GlobalSection(ProjectConfigurationPlatforms) = postSolution
		{C63839EC-BEF3-4DCD-BE23-B6DA21E8BE20}.Debug|Any CPU.ActiveCfg = Debug|Any CPU
		{C63839EC-BEF3-4DCD-BE23-B6DA21E8BE20}.Debug|Any CPU.Build.0 = Debug|Any CPU
		{C63839EC-BEF3-4DCD-BE23-B6DA21E8BE20}.Debug|Mixed Platforms.ActiveCfg = Debug|Any CPU
		{C63839EC-BEF3-4DCD-BE23-B6DA21E8BE20}.Debug|Mixed Platforms.Build.0 = Debug|Any CPU
		{C63839EC-BEF3-4DCD-BE23-B6DA21E8BE20}.Debug|Win32.ActiveCfg = Debug|Any CPU
		{C63839EC-BEF3-4DCD-BE23-B6DA21E8BE20}.Release|Any CPU.ActiveCfg = Release|Any CPU
		{C63839EC-BEF3-4DCD-BE23-B6DA21E8BE20}.Release|Any CPU.Build.0 = Release|Any CPU
		{C63839EC-BEF3-4DCD-BE23-B6DA21E8BE20}.Release|Mixed Platforms.ActiveCfg = Release|Any CPU
		{C63839EC-BEF3-4DCD-BE23-B6DA21E8BE20}.Release|Mixed Platforms.Build.0 = Release|Any CPU
		{C63839EC-BEF3-4DCD-BE23-B6DA21E8BE20}.Release|Win32.ActiveCfg = Release|Any CPU
		{1E8FECC7-9E9B-4275-A938-D956F5E5D4F8}.Debug|Any CPU.ActiveCfg = Debug|Any CPU
		{1E8FECC7-9E9B-4275-A938-D956F5E5D4F8}.Debug|Any CPU.Build.0 = Debug|Any CPU
		{1E8FECC7-9E9B-4275-A938-D956F5E5D4F8}.Debug|Mixed Platforms.ActiveCfg = Debug|Any CPU
		{1E8FECC7-9E9B-4275-A938-D956F5E5D4F8}.Debug|Mixed Platforms.Build.0 = Debug|Any CPU
		{1E8FECC7-9E9B-4275-A938-D956F5E5D4F8}.Debug|Win32.ActiveCfg = Debug|Any CPU
		{1E8FECC7-9E9B-4275-A938-D956F5E5D4F8}.Release|Any CPU.ActiveCfg = Release|Any CPU
		{1E8FECC7-9E9B-4275-A938-D956F5E5D4F8}.Release|Any CPU.Build.0 = Release|Any CPU
		{1E8FECC7-9E9B-4275-A938-D956F5E5D4F8}.Release|Mixed Platforms.ActiveCfg = Release|Any CPU
		{1E8FECC7-9E9B-4275-A938-D956F5E5D4F8}.Release|Mixed Platforms.Build.0 = Release|Any CPU
		{1E8FECC7-9E9B-4275-A938-D956F5E5D4F8}.Release|Win32.ActiveCfg = Release|Any CPU
	EndGlobalSection
	GlobalSection(SolutionProperties) = preSolution
		HideSolutionNode = FALSE
	EndGlobalSection
	GlobalSection(TextTemplating) = postSolution
		TextTemplating = 1
	EndGlobalSection
EndGlobal
