
Microsoft Visual Studio Solution File, Format Version 10.00
# Visual C# Express 2008
Project("{FAE04EC0-301F-11D3-BF4B-00C04F79EFBC}") = "09-RhinoMocksTheDoHandler", "09-RhinoMocksTheDoHandler\09-RhinoMocksTheDoHandler.csproj", "{DA285878-4099-4981-B98B-4DF1E753ED92}"
EndProject
Global
	GlobalSection(SolutionConfigurationPlatforms) = preSolution
		Debug|Any CPU = Debug|Any CPU
		Release|Any CPU = Release|Any CPU
	EndGlobalSection
	GlobalSection(ProjectConfigurationPlatforms) = postSolution
		{DA285878-4099-4981-B98B-4DF1E753ED92}.Debug|Any CPU.ActiveCfg = Debug|Any CPU
		{DA285878-4099-4981-B98B-4DF1E753ED92}.Debug|Any CPU.Build.0 = Debug|Any CPU
		{DA285878-4099-4981-B98B-4DF1E753ED92}.Release|Any CPU.ActiveCfg = Release|Any CPU
		{DA285878-4099-4981-B98B-4DF1E753ED92}.Release|Any CPU.Build.0 = Release|Any CPU
	EndGlobalSection
	GlobalSection(SolutionProperties) = preSolution
		HideSolutionNode = FALSE
	EndGlobalSection
EndGlobal
