
Microsoft Visual Studio Solution File, Format Version 10.00
# Visual Studio 2008
Project("{8BC9CEB8-8B4A-11D0-8D11-00A0C91BC942}") = "Rhino.Mocks.CPP.Interfaces", "Rhino.Mocks.CPP.Interfaces.vcproj", "{4F565558-6CD8-47AB-9871-BEC55C53D9F2}"
EndProject
Global
	GlobalSection(SolutionConfigurationPlatforms) = preSolution
		Debug|Win32 = Debug|Win32
		Release|Win32 = Release|Win32
	EndGlobalSection
	GlobalSection(ProjectConfigurationPlatforms) = postSolution
		{4F565558-6CD8-47AB-9871-BEC55C53D9F2}.Debug|Win32.ActiveCfg = Debug|Win32
		{4F565558-6CD8-47AB-9871-BEC55C53D9F2}.Debug|Win32.Build.0 = Debug|Win32
		{4F565558-6CD8-47AB-9871-BEC55C53D9F2}.Release|Win32.ActiveCfg = Release|Win32
		{4F565558-6CD8-47AB-9871-BEC55C53D9F2}.Release|Win32.Build.0 = Release|Win32
	EndGlobalSection
	GlobalSection(SolutionProperties) = preSolution
		HideSolutionNode = FALSE
	EndGlobalSection
	GlobalSection(TextTemplating) = postSolution
		TextTemplating = 1
	EndGlobalSection
EndGlobal
