
Microsoft Visual Studio Solution File, Format Version 10.00
# Visual C# Express 2008
Project("{FAE04EC0-301F-11D3-BF4B-00C04F79EFBC}") = "07-RhinoMocksIEventRaiser", "07-RhinoMocksIEventRaiser\07-RhinoMocksIEventRaiser.csproj", "{92045151-30D1-4C63-B314-03B6CE76AAB8}"
EndProject
Global
	GlobalSection(SolutionConfigurationPlatforms) = preSolution
		Debug|Any CPU = Debug|Any CPU
		Release|Any CPU = Release|Any CPU
	EndGlobalSection
	GlobalSection(ProjectConfigurationPlatforms) = postSolution
		{92045151-30D1-4C63-B314-03B6CE76AAB8}.Debug|Any CPU.ActiveCfg = Debug|Any CPU
		{92045151-30D1-4C63-B314-03B6CE76AAB8}.Debug|Any CPU.Build.0 = Debug|Any CPU
		{92045151-30D1-4C63-B314-03B6CE76AAB8}.Release|Any CPU.ActiveCfg = Release|Any CPU
		{92045151-30D1-4C63-B314-03B6CE76AAB8}.Release|Any CPU.Build.0 = Release|Any CPU
	EndGlobalSection
	GlobalSection(SolutionProperties) = preSolution
		HideSolutionNode = FALSE
	EndGlobalSection
EndGlobal
