
Microsoft Visual Studio Solution File, Format Version 10.00
# Visual C# Express 2008
Project("{FAE04EC0-301F-11D3-BF4B-00C04F79EFBC}") = "04-RhinoMocksOrderedUnordered", "04-RhinoMocksOrderedUnordered\04-RhinoMocksOrderedUnordered.csproj", "{4EB8EC50-F9E4-45F9-92B7-314CC0EDBDDD}"
EndProject
Global
	GlobalSection(SolutionConfigurationPlatforms) = preSolution
		Debug|Any CPU = Debug|Any CPU
		Release|Any CPU = Release|Any CPU
	EndGlobalSection
	GlobalSection(ProjectConfigurationPlatforms) = postSolution
		{4EB8EC50-F9E4-45F9-92B7-314CC0EDBDDD}.Debug|Any CPU.ActiveCfg = Debug|Any CPU
		{4EB8EC50-F9E4-45F9-92B7-314CC0EDBDDD}.Debug|Any CPU.Build.0 = Debug|Any CPU
		{4EB8EC50-F9E4-45F9-92B7-314CC0EDBDDD}.Release|Any CPU.ActiveCfg = Release|Any CPU
		{4EB8EC50-F9E4-45F9-92B7-314CC0EDBDDD}.Release|Any CPU.Build.0 = Release|Any CPU
	EndGlobalSection
	GlobalSection(SolutionProperties) = preSolution
		HideSolutionNode = FALSE
	EndGlobalSection
EndGlobal
